
Microsoft Visual Studio Solution File, Format Version 12.00
Project("{FAE04EC0-301F-11D3-BF4B-00C04F79EFBC}") = "WebApi", "WebApi\WebApi.csproj", "{D048BB4E-F939-4E23-A641-516812DD52D4}"
EndProject
Project("{FAE04EC0-301F-11D3-BF4B-00C04F79EFBC}") = "Domain", "Domain\Domain.csproj", "{D1944264-D6CC-4D37-B93C-082448C78E85}"
EndProject
Project("{FAE04EC0-301F-11D3-BF4B-00C04F79EFBC}") = "Application", "Application\Application.csproj", "{23E3B63E-CAC2-4A1B-AE6C-25684ACC02FC}"
EndProject
Project("{FAE04EC0-301F-11D3-BF4B-00C04F79EFBC}") = "Infrastructure", "Infrastructure\Infrastructure.csproj", "{7094F029-2E6B-4DF8-A221-CD4A47E912AC}"
EndProject
Global
	GlobalSection(SolutionConfigurationPlatforms) = preSolution
		Debug|Any CPU = Debug|Any CPU
		Release|Any CPU = Release|Any CPU
	EndGlobalSection
	GlobalSection(ProjectConfigurationPlatforms) = postSolution
		{D048BB4E-F939-4E23-A641-516812DD52D4}.Debug|Any CPU.ActiveCfg = Debug|Any CPU
		{D048BB4E-F939-4E23-A641-516812DD52D4}.Debug|Any CPU.Build.0 = Debug|Any CPU
		{D048BB4E-F939-4E23-A641-516812DD52D4}.Release|Any CPU.ActiveCfg = Release|Any CPU
		{D048BB4E-F939-4E23-A641-516812DD52D4}.Release|Any CPU.Build.0 = Release|Any CPU
		{D1944264-D6CC-4D37-B93C-082448C78E85}.Debug|Any CPU.ActiveCfg = Debug|Any CPU
		{D1944264-D6CC-4D37-B93C-082448C78E85}.Debug|Any CPU.Build.0 = Debug|Any CPU
		{D1944264-D6CC-4D37-B93C-082448C78E85}.Release|Any CPU.ActiveCfg = Release|Any CPU
		{D1944264-D6CC-4D37-B93C-082448C78E85}.Release|Any CPU.Build.0 = Release|Any CPU
		{23E3B63E-CAC2-4A1B-AE6C-25684ACC02FC}.Debug|Any CPU.ActiveCfg = Debug|Any CPU
		{23E3B63E-CAC2-4A1B-AE6C-25684ACC02FC}.Debug|Any CPU.Build.0 = Debug|Any CPU
		{23E3B63E-CAC2-4A1B-AE6C-25684ACC02FC}.Release|Any CPU.ActiveCfg = Release|Any CPU
		{23E3B63E-CAC2-4A1B-AE6C-25684ACC02FC}.Release|Any CPU.Build.0 = Release|Any CPU
		{7094F029-2E6B-4DF8-A221-CD4A47E912AC}.Debug|Any CPU.ActiveCfg = Debug|Any CPU
		{7094F029-2E6B-4DF8-A221-CD4A47E912AC}.Debug|Any CPU.Build.0 = Debug|Any CPU
		{7094F029-2E6B-4DF8-A221-CD4A47E912AC}.Release|Any CPU.ActiveCfg = Release|Any CPU
		{7094F029-2E6B-4DF8-A221-CD4A47E912AC}.Release|Any CPU.Build.0 = Release|Any CPU
	EndGlobalSection
EndGlobal
